lockfileVersion: '6.0'

settings:
  autoInstallPeers: true
  excludeLinksFromLockfile: false

dependencies:
  '@parcel/plugin':
    specifier: ^2.8.3
    version: 2.8.3(@parcel/core@2.9.1)
  '@parcel/types':
    specifier: ^2.8.3
    version: 2.8.3(@parcel/core@2.9.1)
  '@types/node':
    specifier: ^18.11.18
    version: 18.11.18
  rimraf:
    specifier: ^5.0.0
    version: 5.0.0
  typescript:
    specifier: ^5.0.0
    version: 5.0.2

packages:

  /@isaacs/cliui@8.0.2:
    resolution: {integrity: sha512-O8jcjabXaleOG9DQ0+ARXWZBTfnP4WNAqzuiJK7ll44AmxGKv/J2M4TPjxjY3znBCfvBXFzucm1twdyFybFqEA==}
    engines: {node: '>=12'}
    dependencies:
      string-width: 5.1.2
      string-width-cjs: /string-width@4.2.3
      strip-ansi: 7.1.0
      strip-ansi-cjs: /strip-ansi@6.0.1
      wrap-ansi: 8.1.0
      wrap-ansi-cjs: /wrap-ansi@7.0.0
    dev: false

  /@lezer/common@0.15.12:
    resolution: {integrity: sha512-edfwCxNLnzq5pBA/yaIhwJ3U3Kz8VAUOTRg0hhxaizaI1N+qxV7EXDv/kLCkLeq2RzSFvxexlaj5Mzfn2kY0Ig==}
    dev: false

  /@lezer/lr@0.15.8:
    resolution: {integrity: sha512-bM6oE6VQZ6hIFxDNKk8bKPa14hqFrV07J/vHGOeiAbJReIaQXmkVb6xQu4MR+JBTLa5arGRyAAjJe1qaQt3Uvg==}
    dependencies:
      '@lezer/common': 0.15.12
    dev: false

  /@lmdb/lmdb-darwin-arm64@2.5.2:
    resolution: {integrity: sha512-+F8ioQIUN68B4UFiIBYu0QQvgb9FmlKw2ctQMSBfW2QBrZIxz9vD9jCGqTCPqZBRbPHAS/vG1zSXnKqnS2ch/A==}
    cpu: [arm64]
    os: [darwin]
    requiresBuild: true
    dev: false
    optional: true

  /@lmdb/lmdb-darwin-arm64@2.7.11:
    resolution: {integrity: sha512-r6+vYq2vKzE+vgj/rNVRMwAevq0+ZR9IeMFIqcSga+wMtMdXQ27KqQ7uS99/yXASg29bos7yHP3yk4x6Iio0lw==}
    cpu: [arm64]
    os: [darwin]
    requiresBuild: true
    dev: false
    optional: true

  /@lmdb/lmdb-darwin-x64@2.5.2:
    resolution: {integrity: sha512-KvPH56KRLLx4KSfKBx0m1r7GGGUMXm0jrKmNE7plbHlesZMuPJICtn07HYgQhj1LNsK7Yqwuvnqh1QxhJnF1EA==}
    cpu: [x64]
    os: [darwin]
    requiresBuild: true
    dev: false
    optional: true

  /@lmdb/lmdb-darwin-x64@2.7.11:
    resolution: {integrity: sha512-jhj1aB4K8ycRL1HOQT5OtzlqOq70jxUQEWRN9Gqh3TIDN30dxXtiHi6EWF516tzw6v2+3QqhDMJh8O6DtTGG8Q==}
    cpu: [x64]
    os: [darwin]
    requiresBuild: true
    dev: false
    optional: true

  /@lmdb/lmdb-linux-arm64@2.5.2:
    resolution: {integrity: sha512-aLl89VHL/wjhievEOlPocoefUyWdvzVrcQ/MHQYZm2JfV1jUsrbr/ZfkPPUFvZBf+VSE+Q0clWs9l29PCX1hTQ==}
    cpu: [arm64]
    os: [linux]
    requiresBuild: true
    dev: false
    optional: true

  /@lmdb/lmdb-linux-arm64@2.7.11:
    resolution: {integrity: sha512-7xGEfPPbmVJWcY2Nzqo11B9Nfxs+BAsiiaY/OcT4aaTDdykKeCjvKMQJA3KXCtZ1AtiC9ljyGLi+BfUwdulY5A==}
    cpu: [arm64]
    os: [linux]
    requiresBuild: true
    dev: false
    optional: true

  /@lmdb/lmdb-linux-arm@2.5.2:
    resolution: {integrity: sha512-5kQAP21hAkfW5Bl+e0P57dV4dGYnkNIpR7f/GAh6QHlgXx+vp/teVj4PGRZaKAvt0GX6++N6hF8NnGElLDuIDw==}
    cpu: [arm]
    os: [linux]
    requiresBuild: true
    dev: false
    optional: true

  /@lmdb/lmdb-linux-arm@2.7.11:
    resolution: {integrity: sha512-dHfLFVSrw/v5X5lkwp0Vl7+NFpEeEYKfMG2DpdFJnnG1RgHQZngZxCaBagFoaJGykRpd2DYF1AeuXBFrAUAXfw==}
    cpu: [arm]
    os: [linux]
    requiresBuild: true
    dev: false
    optional: true

  /@lmdb/lmdb-linux-x64@2.5.2:
    resolution: {integrity: sha512-xUdUfwDJLGjOUPH3BuPBt0NlIrR7f/QHKgu3GZIXswMMIihAekj2i97oI0iWG5Bok/b+OBjHPfa8IU9velnP/Q==}
    cpu: [x64]
    os: [linux]
    requiresBuild: true
    dev: false
    optional: true

  /@lmdb/lmdb-linux-x64@2.7.11:
    resolution: {integrity: sha512-vUKI3JrREMQsXX8q0Eq5zX2FlYCKWMmLiCyyJNfZK0Uyf14RBg9VtB3ObQ41b4swYh2EWaltasWVe93Y8+KDng==}
    cpu: [x64]
    os: [linux]
    requiresBuild: true
    dev: false
    optional: true

  /@lmdb/lmdb-win32-x64@2.5.2:
    resolution: {integrity: sha512-zrBczSbXKxEyK2ijtbRdICDygRqWSRPpZMN5dD1T8VMEW5RIhIbwFWw2phDRXuBQdVDpSjalCIUMWMV2h3JaZA==}
    cpu: [x64]
    os: [win32]
    requiresBuild: true
    dev: false
    optional: true

  /@lmdb/lmdb-win32-x64@2.7.11:
    resolution: {integrity: sha512-BJwkHlSUgtB+Ei52Ai32M1AOMerSlzyIGA/KC4dAGL+GGwVMdwG8HGCOA2TxP3KjhbgDPMYkv7bt/NmOmRIFng==}
    cpu: [x64]
    os: [win32]
    requiresBuild: true
    dev: false
    optional: true

  /@mischnic/json-sourcemap@0.1.0:
    resolution: {integrity: sha512-dQb3QnfNqmQNYA4nFSN/uLaByIic58gOXq4Y4XqLOWmOrw73KmJPt/HLyG0wvn1bnR6mBKs/Uwvkh+Hns1T0XA==}
    engines: {node: '>=12.0.0'}
    dependencies:
      '@lezer/common': 0.15.12
      '@lezer/lr': 0.15.8
      json5: 2.2.3
    dev: false

  /@msgpackr-extract/msgpackr-extract-darwin-arm64@3.0.2:
    resolution: {integrity: sha512-9bfjwDxIDWmmOKusUcqdS4Rw+SETlp9Dy39Xui9BEGEk19dDwH0jhipwFzEff/pFg95NKymc6TOTbRKcWeRqyQ==}
    cpu: [arm64]
    os: [darwin]
    requiresBuild: true
    dev: false
    optional: true

  /@msgpackr-extract/msgpackr-extract-darwin-x64@3.0.2:
    resolution: {integrity: sha512-lwriRAHm1Yg4iDf23Oxm9n/t5Zpw1lVnxYU3HnJPTi2lJRkKTrps1KVgvL6m7WvmhYVt/FIsssWay+k45QHeuw==}
    cpu: [x64]
    os: [darwin]
    requiresBuild: true
    dev: false
    optional: true

  /@msgpackr-extract/msgpackr-extract-linux-arm64@3.0.2:
    resolution: {integrity: sha512-FU20Bo66/f7He9Fp9sP2zaJ1Q8L9uLPZQDub/WlUip78JlPeMbVL8546HbZfcW9LNciEXc8d+tThSJjSC+tmsg==}
    cpu: [arm64]
    os: [linux]
    requiresBuild: true
    dev: false
    optional: true

  /@msgpackr-extract/msgpackr-extract-linux-arm@3.0.2:
    resolution: {integrity: sha512-MOI9Dlfrpi2Cuc7i5dXdxPbFIgbDBGgKR5F2yWEa6FVEtSWncfVNKW5AKjImAQ6CZlBK9tympdsZJ2xThBiWWA==}
    cpu: [arm]
    os: [linux]
    requiresBuild: true
    dev: false
    optional: true

  /@msgpackr-extract/msgpackr-extract-linux-x64@3.0.2:
    resolution: {integrity: sha512-gsWNDCklNy7Ajk0vBBf9jEx04RUxuDQfBse918Ww+Qb9HCPoGzS+XJTLe96iN3BVK7grnLiYghP/M4L8VsaHeA==}
    cpu: [x64]
    os: [linux]
    requiresBuild: true
    dev: false
    optional: true

  /@msgpackr-extract/msgpackr-extract-win32-x64@3.0.2:
    resolution: {integrity: sha512-O+6Gs8UeDbyFpbSh2CPEz/UOrrdWPTBYNblZK5CxxLisYt4kGX3Sc+czffFonyjiGSq3jWLwJS/CCJc7tBr4sQ==}
    cpu: [x64]
    os: [win32]
    requiresBuild: true
    dev: false
    optional: true

  /@parcel/cache@2.8.3(@parcel/core@2.9.1):
    resolution: {integrity: sha512-k7xv5vSQrJLdXuglo+Hv3yF4BCSs1tQ/8Vbd6CHTkOhf7LcGg6CPtLw053R/KdMpd/4GPn0QrAsOLdATm1ELtQ==}
    engines: {node: '>= 12.0.0'}
    peerDependencies:
      '@parcel/core': ^2.8.3
    dependencies:
      '@parcel/core': 2.9.1
      '@parcel/fs': 2.8.3(@parcel/core@2.9.1)
      '@parcel/logger': 2.8.3
      '@parcel/utils': 2.8.3
      lmdb: 2.5.2
    dev: false

  /@parcel/cache@2.9.1(@parcel/core@2.9.1):
    resolution: {integrity: sha512-2aFWUAi7vkcnIdfOw3oW/vhgvwv9MPb+LjmJSkE59nNUuSJe83jJFAPAhqQTHd9L3kX/Xk+xJBNYNubUq/Cieg==}
    engines: {node: '>= 12.0.0'}
    peerDependencies:
      '@parcel/core': ^2.9.1
    dependencies:
      '@parcel/core': 2.9.1
      '@parcel/fs': 2.9.1(@parcel/core@2.9.1)
      '@parcel/logger': 2.9.1
      '@parcel/utils': 2.9.1
      lmdb: 2.7.11
    dev: false

  /@parcel/codeframe@2.8.3:
    resolution: {integrity: sha512-FE7sY53D6n/+2Pgg6M9iuEC6F5fvmyBkRE4d9VdnOoxhTXtkEqpqYgX7RJ12FAQwNlxKq4suBJQMgQHMF2Kjeg==}
    engines: {node: '>= 12.0.0'}
    dependencies:
      chalk: 4.1.2
    dev: false

  /@parcel/codeframe@2.9.1:
    resolution: {integrity: sha512-qLVIyEHuZq8wWYaXVAwxMzlK3QqWlaB5fUSe1n+kITEa9EEwb2WPmysYAsWiVaFdD62A0+1klJ8Sq9gapOMIng==}
    engines: {node: '>= 12.0.0'}
    dependencies:
      chalk: 4.1.2
    dev: false

  /@parcel/core@2.9.1:
    resolution: {integrity: sha512-D/7iyRV5c8kYMV1JGkokktxh3ON5CMvNAllaBucl4SMatAyLo5aLjGG5ey6FD/4Tv+JJ6NsldLtkvciDVJdgFQ==}
    engines: {node: '>= 12.0.0'}
    dependencies:
      '@mischnic/json-sourcemap': 0.1.0
      '@parcel/cache': 2.9.1(@parcel/core@2.9.1)
      '@parcel/diagnostic': 2.9.1
      '@parcel/events': 2.9.1
      '@parcel/fs': 2.9.1(@parcel/core@2.9.1)
      '@parcel/graph': 2.9.1
      '@parcel/hash': 2.9.1
      '@parcel/logger': 2.9.1
      '@parcel/package-manager': 2.9.1(@parcel/core@2.9.1)
      '@parcel/plugin': 2.9.1(@parcel/core@2.9.1)
      '@parcel/profiler': 2.9.1
      '@parcel/source-map': 2.1.1
      '@parcel/types': 2.9.1(@parcel/core@2.9.1)
      '@parcel/utils': 2.9.1
      '@parcel/workers': 2.9.1(@parcel/core@2.9.1)
      abortcontroller-polyfill: 1.7.5
      base-x: 3.0.9
      browserslist: 4.21.7
      clone: 2.1.2
      dotenv: 7.0.0
      dotenv-expand: 5.1.0
      json5: 2.2.3
      msgpackr: 1.9.3
      nullthrows: 1.1.1
      semver: 5.7.1
    dev: false

  /@parcel/diagnostic@2.8.3:
    resolution: {integrity: sha512-u7wSzuMhLGWZjVNYJZq/SOViS3uFG0xwIcqXw12w54Uozd6BH8JlhVtVyAsq9kqnn7YFkw6pXHqAo5Tzh4FqsQ==}
    engines: {node: '>= 12.0.0'}
    dependencies:
      '@mischnic/json-sourcemap': 0.1.0
      nullthrows: 1.1.1
    dev: false

  /@parcel/diagnostic@2.9.1:
    resolution: {integrity: sha512-LM+w4maoAsjcL+javaHw9B9oEQoLdg/fMCNbuTmAKpQWi16hfNkr4+xz7AxxwL3dCcL7uuvVgoUOUubwxWNLAA==}
    engines: {node: '>= 12.0.0'}
    dependencies:
      '@mischnic/json-sourcemap': 0.1.0
      nullthrows: 1.1.1
    dev: false

  /@parcel/events@2.8.3:
    resolution: {integrity: sha512-hoIS4tAxWp8FJk3628bsgKxEvR7bq2scCVYHSqZ4fTi/s0+VymEATrRCUqf+12e5H47uw1/ZjoqrGtBI02pz4w==}
    engines: {node: '>= 12.0.0'}
    dev: false

  /@parcel/events@2.9.1:
    resolution: {integrity: sha512-tga4FiJB1TC4iOKBK66e9zXpcDFXvJhXmsgOMsgSTM6uCZMXeGaYEixHNlPDs3HTfg17qAmHHlhfgPBbku/aOg==}
    engines: {node: '>= 12.0.0'}
    dev: false

  /@parcel/fs-search@2.8.3:
    resolution: {integrity: sha512-DJBT2N8knfN7Na6PP2mett3spQLTqxFrvl0gv+TJRp61T8Ljc4VuUTb0hqBj+belaASIp3Q+e8+SgaFQu7wLiQ==}
    engines: {node: '>= 12.0.0'}
    dependencies:
      detect-libc: 1.0.3
    dev: false

  /@parcel/fs-search@2.9.1:
    resolution: {integrity: sha512-F7SkVsMb5XYcWmeptLz5D3g76Raed3dmNulJMrWIECP8lJ1LUcCExQId7NsdeCfRbNRwaf84gdsjc/1GKM/QYg==}
    engines: {node: '>= 12.0.0'}
    dev: false

  /@parcel/fs@2.8.3(@parcel/core@2.9.1):
    resolution: {integrity: sha512-y+i+oXbT7lP0e0pJZi/YSm1vg0LDsbycFuHZIL80pNwdEppUAtibfJZCp606B7HOjMAlNZOBo48e3hPG3d8jgQ==}
    engines: {node: '>= 12.0.0'}
    peerDependencies:
      '@parcel/core': ^2.8.3
    dependencies:
      '@parcel/core': 2.9.1
      '@parcel/fs-search': 2.8.3
      '@parcel/types': 2.8.3(@parcel/core@2.9.1)
      '@parcel/utils': 2.8.3
      '@parcel/watcher': 2.1.0
      '@parcel/workers': 2.8.3(@parcel/core@2.9.1)
    dev: false

  /@parcel/fs@2.9.1(@parcel/core@2.9.1):
    resolution: {integrity: sha512-F/GRHtHN4AuTauadsq/UQ1OSpLBLAS/96Sv1x09/AKZxNlZ2UzWExoYEhSkVM5smKVzSnx8XP9OqABcHcZwOLQ==}
    engines: {node: '>= 12.0.0'}
    peerDependencies:
      '@parcel/core': ^2.9.1
    dependencies:
      '@parcel/core': 2.9.1
      '@parcel/fs-search': 2.9.1
      '@parcel/types': 2.9.1(@parcel/core@2.9.1)
      '@parcel/utils': 2.9.1
      '@parcel/watcher': 2.1.0
      '@parcel/workers': 2.9.1(@parcel/core@2.9.1)
    dev: false

  /@parcel/graph@2.9.1:
    resolution: {integrity: sha512-fc/Yk1XPzo3ZHhKS7l5aETAEBpnF0nK+0TawkNrQ2rcL21MG1kHNYSR8uBwOqyXmBSMEItals5Ixgd8fWa+9PQ==}
    engines: {node: '>= 12.0.0'}
    dependencies:
      nullthrows: 1.1.1
    dev: false

  /@parcel/hash@2.8.3:
    resolution: {integrity: sha512-FVItqzjWmnyP4ZsVgX+G00+6U2IzOvqDtdwQIWisCcVoXJFCqZJDy6oa2qDDFz96xCCCynjRjPdQx2jYBCpfYw==}
    engines: {node: '>= 12.0.0'}
    dependencies:
      detect-libc: 1.0.3
      xxhash-wasm: 0.4.2
    dev: false

  /@parcel/hash@2.9.1:
    resolution: {integrity: sha512-fiqAIi/23h5tnH5W7DRTwOhfRPhadHvI7hYoG8YFGvnFxSQ/XCnOID0B0/vNhaluICSPeFcedjAmDVdqY6/X7w==}
    engines: {node: '>= 12.0.0'}
    dependencies:
      xxhash-wasm: 0.4.2
    dev: false

  /@parcel/logger@2.8.3:
    resolution: {integrity: sha512-Kpxd3O/Vs7nYJIzkdmB6Bvp3l/85ydIxaZaPfGSGTYOfaffSOTkhcW9l6WemsxUrlts4za6CaEWcc4DOvaMOPA==}
    engines: {node: '>= 12.0.0'}
    dependencies:
      '@parcel/diagnostic': 2.8.3
      '@parcel/events': 2.8.3
    dev: false

  /@parcel/logger@2.9.1:
    resolution: {integrity: sha512-wUH9ShrRr3RwNa75ymegDIAdJiY3dGB7HCgIP6VOOc2CGyGA2DJKbbYGfw5mkl3DV8lUV+dYsWYMGXZhInAQCQ==}
    engines: {node: '>= 12.0.0'}
    dependencies:
      '@parcel/diagnostic': 2.9.1
      '@parcel/events': 2.9.1
    dev: false

  /@parcel/markdown-ansi@2.8.3:
    resolution: {integrity: sha512-4v+pjyoh9f5zuU/gJlNvNFGEAb6J90sOBwpKJYJhdWXLZMNFCVzSigxrYO+vCsi8G4rl6/B2c0LcwIMjGPHmFQ==}
    engines: {node: '>= 12.0.0'}
    dependencies:
      chalk: 4.1.2
    dev: false

  /@parcel/markdown-ansi@2.9.1:
    resolution: {integrity: sha512-FpOz2ltnKnm6QaQCdcpuAEwGuScVUq0ixT/QAmU7A3/cwlsoxqMkB2XeWYIVTjs7p7Bsu0Ctdid/6pdtP7ghpg==}
    engines: {node: '>= 12.0.0'}
    dependencies:
      chalk: 4.1.2
    dev: false

  /@parcel/node-resolver-core@3.0.1(@parcel/core@2.9.1):
    resolution: {integrity: sha512-4owokOoHCONeazQGndB4PkIaUhZfyWuCT7Sx4UJc2UhR1V82MlahHrT2ItT0pkQyKWwCSNgHdBgdKUgKRdIiAw==}
    engines: {node: '>= 12.0.0'}
    dependencies:
      '@mischnic/json-sourcemap': 0.1.0
      '@parcel/diagnostic': 2.9.1
      '@parcel/fs': 2.9.1(@parcel/core@2.9.1)
      '@parcel/utils': 2.9.1
      nullthrows: 1.1.1
      semver: 5.7.1
    transitivePeerDependencies:
      - '@parcel/core'
    dev: false

  /@parcel/package-manager@2.8.3(@parcel/core@2.9.1):
    resolution: {integrity: sha512-tIpY5pD2lH53p9hpi++GsODy6V3khSTX4pLEGuMpeSYbHthnOViobqIlFLsjni+QA1pfc8NNNIQwSNdGjYflVA==}
    engines: {node: '>= 12.0.0'}
    peerDependencies:
      '@parcel/core': ^2.8.3
    dependencies:
      '@parcel/core': 2.9.1
      '@parcel/diagnostic': 2.8.3
      '@parcel/fs': 2.8.3(@parcel/core@2.9.1)
      '@parcel/logger': 2.8.3
      '@parcel/types': 2.8.3(@parcel/core@2.9.1)
      '@parcel/utils': 2.8.3
      '@parcel/workers': 2.8.3(@parcel/core@2.9.1)
      semver: 5.7.1
    dev: false

  /@parcel/package-manager@2.9.1(@parcel/core@2.9.1):
    resolution: {integrity: sha512-cTUBUPRm62770Vw4YG5WGlkFxJII320nSobbP0TMggE/CGXg3ru2pvvX6WqXTFAHeM/z78xTPDq0NP97DBp5Ow==}
    engines: {node: '>= 12.0.0'}
    peerDependencies:
      '@parcel/core': ^2.9.1
    dependencies:
      '@parcel/core': 2.9.1
      '@parcel/diagnostic': 2.9.1
      '@parcel/fs': 2.9.1(@parcel/core@2.9.1)
      '@parcel/logger': 2.9.1
      '@parcel/node-resolver-core': 3.0.1(@parcel/core@2.9.1)
      '@parcel/types': 2.9.1(@parcel/core@2.9.1)
      '@parcel/utils': 2.9.1
      '@parcel/workers': 2.9.1(@parcel/core@2.9.1)
      semver: 5.7.1
    dev: false

  /@parcel/plugin@2.8.3(@parcel/core@2.9.1):
    resolution: {integrity: sha512-jZ6mnsS4D9X9GaNnvrixDQwlUQJCohDX2hGyM0U0bY2NWU8Km97SjtoCpWjq+XBCx/gpC4g58+fk9VQeZq2vlw==}
    engines: {node: '>= 12.0.0'}
    dependencies:
      '@parcel/types': 2.8.3(@parcel/core@2.9.1)
    transitivePeerDependencies:
      - '@parcel/core'
    dev: false

  /@parcel/plugin@2.9.1(@parcel/core@2.9.1):
    resolution: {integrity: sha512-kD+BNkPGRcxZZUKhAXqF/bilUMhXUlf/ZixVlBS5rEsUB1yx/Ze8c4ypaKr5WsEwv34C+X4p4WFYdZVJEr3Y+g==}
    engines: {node: '>= 12.0.0'}
    dependencies:
      '@parcel/types': 2.9.1(@parcel/core@2.9.1)
    transitivePeerDependencies:
      - '@parcel/core'
    dev: false

  /@parcel/profiler@2.9.1:
    resolution: {integrity: sha512-hrptwbh9uUxnWHAAXiZ6BtpM74cU+VfrOWgnmUA8pkYWBmrb2wSLeqRKl8FiSt+nfRTTbNAIlmn9vk2x+wRNOA==}
    engines: {node: '>= 12.0.0'}
    dependencies:
      '@parcel/diagnostic': 2.9.1
      '@parcel/events': 2.9.1
      chrome-trace-event: 1.0.3
    dev: false

  /@parcel/source-map@2.1.1:
    resolution: {integrity: sha512-Ejx1P/mj+kMjQb8/y5XxDUn4reGdr+WyKYloBljpppUy8gs42T+BNoEOuRYqDVdgPc6NxduzIDoJS9pOFfV5Ew==}
    engines: {node: ^12.18.3 || >=14}
    dependencies:
      detect-libc: 1.0.3
    dev: false

  /@parcel/types@2.8.3(@parcel/core@2.9.1):
    resolution: {integrity: sha512-FECA1FB7+0UpITKU0D6TgGBpGxYpVSMNEENZbSJxFSajNy3wrko+zwBKQmFOLOiPcEtnGikxNs+jkFWbPlUAtw==}
    dependencies:
      '@parcel/cache': 2.8.3(@parcel/core@2.9.1)
      '@parcel/diagnostic': 2.8.3
      '@parcel/fs': 2.8.3(@parcel/core@2.9.1)
      '@parcel/package-manager': 2.8.3(@parcel/core@2.9.1)
      '@parcel/source-map': 2.1.1
      '@parcel/workers': 2.8.3(@parcel/core@2.9.1)
      utility-types: 3.10.0
    transitivePeerDependencies:
      - '@parcel/core'
    dev: false

  /@parcel/types@2.9.1(@parcel/core@2.9.1):
    resolution: {integrity: sha512-LBx4Tvr1sK9t+FmPjS4jPvcmUcJo6co22sn0pBuz2oXISs/YK2N+3ZHXL+KsozKvLn2wXysgaWFIARN9xFoORw==}
    dependencies:
      '@parcel/cache': 2.9.1(@parcel/core@2.9.1)
      '@parcel/diagnostic': 2.9.1
      '@parcel/fs': 2.9.1(@parcel/core@2.9.1)
      '@parcel/package-manager': 2.9.1(@parcel/core@2.9.1)
      '@parcel/source-map': 2.1.1
      '@parcel/workers': 2.9.1(@parcel/core@2.9.1)
      utility-types: 3.10.0
    transitivePeerDependencies:
      - '@parcel/core'
    dev: false

  /@parcel/utils@2.8.3:
    resolution: {integrity: sha512-IhVrmNiJ+LOKHcCivG5dnuLGjhPYxQ/IzbnF2DKNQXWBTsYlHkJZpmz7THoeLtLliGmSOZ3ZCsbR8/tJJKmxjA==}
    engines: {node: '>= 12.0.0'}
    dependencies:
      '@parcel/codeframe': 2.8.3
      '@parcel/diagnostic': 2.8.3
      '@parcel/hash': 2.8.3
      '@parcel/logger': 2.8.3
      '@parcel/markdown-ansi': 2.8.3
      '@parcel/source-map': 2.1.1
      chalk: 4.1.2
    dev: false

  /@parcel/utils@2.9.1:
    resolution: {integrity: sha512-0P/zIvtvLyuzQA4VFMzA8F22lrUyGR+phve/NlBUH+4Tn+Rt/evh9fP9vG1YTVMXWd90tesLdrtqatm1hqrJSA==}
    engines: {node: '>= 12.0.0'}
    dependencies:
      '@parcel/codeframe': 2.9.1
      '@parcel/diagnostic': 2.9.1
      '@parcel/hash': 2.9.1
      '@parcel/logger': 2.9.1
      '@parcel/markdown-ansi': 2.9.1
      '@parcel/source-map': 2.1.1
      chalk: 4.1.2
      nullthrows: 1.1.1
    dev: false

  /@parcel/watcher@2.1.0:
    resolution: {integrity: sha512-8s8yYjd19pDSsBpbkOHnT6Z2+UJSuLQx61pCFM0s5wSRvKCEMDjd/cHY3/GI1szHIWbpXpsJdg3V6ISGGx9xDw==}
    engines: {node: '>= 10.0.0'}
    requiresBuild: true
    dependencies:
      is-glob: 4.0.3
      micromatch: 4.0.5
      node-addon-api: 3.2.1
      node-gyp-build: 4.6.0
    dev: false

  /@parcel/workers@2.8.3(@parcel/core@2.9.1):
    resolution: {integrity: sha512-+AxBnKgjqVpUHBcHLWIHcjYgKIvHIpZjN33mG5LG9XXvrZiqdWvouEzqEXlVLq5VzzVbKIQQcmsvRy138YErkg==}
    engines: {node: '>= 12.0.0'}
    peerDependencies:
      '@parcel/core': ^2.8.3
    dependencies:
      '@parcel/core': 2.9.1
      '@parcel/diagnostic': 2.8.3
      '@parcel/logger': 2.8.3
      '@parcel/types': 2.8.3(@parcel/core@2.9.1)
      '@parcel/utils': 2.8.3
      chrome-trace-event: 1.0.3
      nullthrows: 1.1.1
    dev: false

  /@parcel/workers@2.9.1(@parcel/core@2.9.1):
    resolution: {integrity: sha512-24R4IRMX8TBghak6pDCzM5B8NB4LTt0pI4dwNqSENyZA/Q5s/xMbG5gdn4aTwkAyIQ5lHrgDsHzoHbjOT0HLYQ==}
    engines: {node: '>= 12.0.0'}
    peerDependencies:
      '@parcel/core': ^2.9.1
    dependencies:
      '@parcel/core': 2.9.1
      '@parcel/diagnostic': 2.9.1
      '@parcel/logger': 2.9.1
      '@parcel/profiler': 2.9.1
      '@parcel/types': 2.9.1(@parcel/core@2.9.1)
      '@parcel/utils': 2.9.1
      nullthrows: 1.1.1
    dev: false

  /@pkgjs/parseargs@0.11.0:
    resolution: {integrity: sha512-+1VkjdD0QBLPodGrJUeqarH8VAIvQODIbwh9XpP5Syisf7YoQgsJKPNFoqqLQlu+VQ/tVSshMR6loPMn8U+dPg==}
    engines: {node: '>=14'}
    requiresBuild: true
    dev: false
    optional: true

  /@types/node@18.11.18:
    resolution: {integrity: sha512-DHQpWGjyQKSHj3ebjFI/wRKcqQcdR+MoFBygntYOZytCqNfkd2ZC4ARDJ2DQqhjH5p85Nnd3jhUJIXrszFX/JA==}
    dev: false

  /abortcontroller-polyfill@1.7.5:
    resolution: {integrity: sha512-JMJ5soJWP18htbbxJjG7bG6yuI6pRhgJ0scHHTfkUjf6wjP912xZWvM+A4sJK3gqd9E8fcPbDnOefbA9Th/FIQ==}
    dev: false

  /ansi-regex@5.0.1:
    resolution: {integrity: sha512-quJQXlTSUGL2LH9SUXo8VwsY4soanhgo6LNSm84E1LBcE8s3O0wpdiRzyR9z/ZZJMlMWv37qOOb9pdJlMUEKFQ==}
    engines: {node: '>=8'}
    dev: false

  /ansi-regex@6.0.1:
    resolution: {integrity: sha512-n5M855fKb2SsfMIiFFoVrABHJC8QtHwVx+mHWP3QcEqBHYienj5dHSgjbxtC0WEZXYt4wcD6zrQElDPhFuZgfA==}
    engines: {node: '>=12'}
    dev: false

  /ansi-styles@4.3.0:
    resolution: {integrity: sha512-zbB9rCJAT1rbjiVDb2hqKFHNYLxgtk8NURxZ3IZwD3F6NtxbXZQCnnSi1Lkx+IDohdPlFp222wVALIheZJQSEg==}
    engines: {node: '>=8'}
    dependencies:
      color-convert: 2.0.1
    dev: false

  /ansi-styles@6.2.1:
    resolution: {integrity: sha512-bN798gFfQX+viw3R7yrGWRqnrN2oRkEkUjjl4JNn4E8GxxbjtG3FbrEIIY3l8/hrwUwIeCZvi4QuOTP4MErVug==}
    engines: {node: '>=12'}
    dev: false

  /balanced-match@1.0.2:
    resolution: {integrity: sha512-3oSeUO0TMV67hN1AmbXsK4yaqU7tjiHlbxRDZOpH0KW9+CeX4bRAaX0Anxt0tx2MrpRpWwQaPwIlISEJhYU5Pw==}
    dev: false

  /base-x@3.0.9:
    resolution: {integrity: sha512-H7JU6iBHTal1gp56aKoaa//YUxEaAOUiydvrV/pILqIHXTtqxSkATOnDA2u+jZ/61sD+L/412+7kzXRtWukhpQ==}
    dependencies:
      safe-buffer: 5.2.1
    dev: false

  /brace-expansion@2.0.1:
    resolution: {integrity: sha512-XnAIvQ8eM+kC6aULx6wuQiwVsnzsi9d3WxzV3FpWTGA19F621kwdbsAcFKXgKUHZWsy+mY6iL1sHTxWEFCytDA==}
    dependencies:
      balanced-match: 1.0.2
    dev: false

  /braces@3.0.2:
    resolution: {integrity: sha512-b8um+L1RzM3WDSzvhm6gIz1yfTbBt6YTlcEKAvsmqCZZFw46z626lVj9j1yEPW33H5H+lBQpZMP1k8l+78Ha0A==}
    engines: {node: '>=8'}
    dependencies:
      fill-range: 7.0.1
    dev: false

  /browserslist@4.21.7:
    resolution: {integrity: sha512-BauCXrQ7I2ftSqd2mvKHGo85XR0u7Ru3C/Hxsy/0TkfCtjrmAbPdzLGasmoiBxplpDXlPvdjX9u7srIMfgasNA==}
    engines: {node: ^6 || ^7 || ^8 || ^9 || ^10 || ^11 || ^12 || >=13.7}
    hasBin: true
    dependencies:
      caniuse-lite: 1.0.30001494
      electron-to-chromium: 1.4.419
      node-releases: 2.0.12
      update-browserslist-db: 1.0.11(browserslist@4.21.7)
    dev: false

  /caniuse-lite@1.0.30001494:
    resolution: {integrity: sha512-sY2B5Qyl46ZzfYDegrl8GBCzdawSLT4ThM9b9F+aDYUrAG2zCOyMbd2Tq34mS1g4ZKBfjRlzOohQMxx28x6wJg==}
    dev: false

  /chalk@4.1.2:
    resolution: {integrity: sha512-oKnbhFyRIXpUuez8iBMmyEa4nbj4IOQyuhc/wy9kY7/WVPcwIO9VA668Pu8RkO7+0G76SLROeyw9CpQ061i4mA==}
    engines: {node: '>=10'}
    dependencies:
      ansi-styles: 4.3.0
      supports-color: 7.2.0
    dev: false

  /chrome-trace-event@1.0.3:
    resolution: {integrity: sha512-p3KULyQg4S7NIHixdwbGX+nFHkoBiA4YQmyWtjb8XngSKV124nJmRysgAeujbUVb15vh+RvFUfCPqU7rXk+hZg==}
    engines: {node: '>=6.0'}
    dev: false

  /clone@2.1.2:
    resolution: {integrity: sha512-3Pe/CF1Nn94hyhIYpjtiLhdCoEoz0DqQ+988E9gmeEdQZlojxnOb74wctFyuwWQHzqyf9X7C7MG8juUpqBJT8w==}
    engines: {node: '>=0.8'}
    dev: false

  /color-convert@2.0.1:
    resolution: {integrity: sha512-RRECPsj7iu/xb5oKYcsFHSppFNnsj/52OVTRKb4zP5onXwVF3zVmmToNcOfGC+CRDpfK/U584fMg38ZHCaElKQ==}
    engines: {node: '>=7.0.0'}
    dependencies:
      color-name: 1.1.4
    dev: false

  /color-name@1.1.4:
    resolution: {integrity: sha512-dOy+3AuW3a2wNbZHIuMZpTcgjGuLU/uBL/ubcZF9OXbDo8ff4O8yVp5Bf0efS8uEoYo5q4Fx7dY9OgQGXgAsQA==}
    dev: false

  /cross-spawn@7.0.3:
    resolution: {integrity: sha512-iRDPJKUPVEND7dHPO8rkbOnPpyDygcDFtWjpeWNCgy8WP2rXcxXL8TskReQl6OrB2G7+UJrags1q15Fudc7G6w==}
    engines: {node: '>= 8'}
    dependencies:
      path-key: 3.1.1
      shebang-command: 2.0.0
      which: 2.0.2
    dev: false

  /detect-libc@1.0.3:
    resolution: {integrity: sha512-pGjwhsmsp4kL2RTz08wcOlGN83otlqHeD/Z5T8GXZB+/YcpQ/dgo+lbU8ZsGxV0HIvqqxo9l7mqYwyYMD9bKDg==}
    engines: {node: '>=0.10'}
    hasBin: true
    dev: false

  /dotenv-expand@5.1.0:
    resolution: {integrity: sha512-YXQl1DSa4/PQyRfgrv6aoNjhasp/p4qs9FjJ4q4cQk+8m4r6k4ZSiEyytKG8f8W9gi8WsQtIObNmKd+tMzNTmA==}
    dev: false

  /dotenv@7.0.0:
    resolution: {integrity: sha512-M3NhsLbV1i6HuGzBUH8vXrtxOk+tWmzWKDMbAVSUp3Zsjm7ywFeuwrUXhmhQyRK1q5B5GGy7hcXPbj3bnfZg2g==}
    engines: {node: '>=6'}
    dev: false

  /eastasianwidth@0.2.0:
    resolution: {integrity: sha512-I88TYZWc9XiYHRQ4/3c5rjjfgkjhLyW2luGIheGERbNQ6OY7yTybanSpDXZa8y7VUP9YmDcYa+eyq4ca7iLqWA==}
    dev: false

  /electron-to-chromium@1.4.419:
    resolution: {integrity: sha512-jdie3RiEgygvDTyS2sgjq71B36q2cDSBfPlwzUyuOrfYTNoYWyBxxjGJV/HAu3A2hB0Y+HesvCVkVAFoCKwCSw==}
    dev: false

  /emoji-regex@8.0.0:
    resolution: {integrity: sha512-MSjYzcWNOA0ewAHpz0MxpYFvwg6yjy1NG3xteoqz644VCo/RPgnr1/GGt+ic3iJTzQ8Eu3TdM14SawnVUmGE6A==}
    dev: false

  /emoji-regex@9.2.2:
    resolution: {integrity: sha512-L18DaJsXSUk2+42pv8mLs5jJT2hqFkFE4j21wOmgbUqsZ2hL72NsUU785g9RXgo3s0ZNgVl42TiHp3ZtOv/Vyg==}
    dev: false

  /escalade@3.1.1:
    resolution: {integrity: sha512-k0er2gUkLf8O0zKJiAhmkTnJlTvINGv7ygDNPbeIsX/TJjGJZHuh9B2UxbsaEkmlEo9MfhrSzmhIlhRlI2GXnw==}
    engines: {node: '>=6'}
    dev: false

  /fill-range@7.0.1:
    resolution: {integrity: sha512-qOo9F+dMUmC2Lcb4BbVvnKJxTPjCm+RRpe4gDuGrzkL7mEVl/djYSu2OdQ2Pa302N4oqkSg9ir6jaLWJ2USVpQ==}
    engines: {node: '>=8'}
    dependencies:
      to-regex-range: 5.0.1
    dev: false

  /foreground-child@3.1.1:
    resolution: {integrity: sha512-TMKDUnIte6bfb5nWv7V/caI169OHgvwjb7V4WkeUvbQQdjr5rWKqHFiKWb/fcOwB+CzBT+qbWjvj+DVwRskpIg==}
    engines: {node: '>=14'}
    dependencies:
      cross-spawn: 7.0.3
      signal-exit: 4.1.0
    dev: false

  /glob@10.3.3:
    resolution: {integrity: sha512-92vPiMb/iqpmEgsOoIDvTjc50wf9CCCvMzsi6W0JLPeUKE8TWP1a73PgqSrqy7iAZxaSD1YdzU7QZR5LF51MJw==}
    engines: {node: '>=16 || 14 >=14.17'}
    hasBin: true
    dependencies:
      foreground-child: 3.1.1
      jackspeak: 2.3.0
      minimatch: 9.0.3
      minipass: 7.0.3
      path-scurry: 1.10.1
    dev: false

  /has-flag@4.0.0:
    resolution: {integrity: sha512-EykJT/Q1KjTWctppgIAgfSO0tKVuZUjhgMr17kqTumMl6Afv3EISleU7qZUzoXDFTAHTDC4NOoG/ZxU3EvlMPQ==}
    engines: {node: '>=8'}
    dev: false

  /is-extglob@2.1.1:
    resolution: {integrity: sha512-SbKbANkN603Vi4jEZv49LeVJMn4yGwsbzZworEoyEiutsN3nJYdbO36zfhGJ6QEDpOZIFkDtnq5JRxmvl3jsoQ==}
    engines: {node: '>=0.10.0'}
    dev: false

  /is-fullwidth-code-point@3.0.0:
    resolution: {integrity: sha512-zymm5+u+sCsSWyD9qNaejV3DFvhCKclKdizYaJUuHA83RLjb7nSuGnddCHGv0hk+KY7BMAlsWeK4Ueg6EV6XQg==}
    engines: {node: '>=8'}
    dev: false

  /is-glob@4.0.3:
    resolution: {integrity: sha512-xelSayHH36ZgE7ZWhli7pW34hNbNl8Ojv5KVmkJD4hBdD3th8Tfk9vYasLM+mXWOZhFkgZfxhLSnrwRr4elSSg==}
    engines: {node: '>=0.10.0'}
    dependencies:
      is-extglob: 2.1.1
    dev: false

  /is-number@7.0.0:
    resolution: {integrity: sha512-41Cifkg6e8TylSpdtTpeLVMqvSBEVzTttHvERD741+pnZ8ANv0004MRL43QKPDlK9cGvNp6NZWZUBlbGXYxxng==}
    engines: {node: '>=0.12.0'}
    dev: false

  /isexe@2.0.0:
    resolution: {integrity: sha512-RHxMLp9lnKHGHRng9QFhRCMbYAcVpn69smSGcq3f36xjgVVWThj4qqLbTLlq7Ssj8B+fIQ1EuCEGI2lKsyQeIw==}
    dev: false

  /jackspeak@2.3.0:
    resolution: {integrity: sha512-uKmsITSsF4rUWQHzqaRUuyAir3fZfW3f202Ee34lz/gZCi970CPZwyQXLGNgWJvvZbvFyzeyGq0+4fcG/mBKZg==}
    engines: {node: '>=14'}
    dependencies:
      '@isaacs/cliui': 8.0.2
    optionalDependencies:
      '@pkgjs/parseargs': 0.11.0
    dev: false

  /json5@2.2.3:
    resolution: {integrity: sha512-XmOWe7eyHYH14cLdVPoyg+GOH3rYX++KpzrylJwSW98t3Nk+U8XOl8FWKOgwtzdb8lXGf6zYwDUzeHMWfxasyg==}
    engines: {node: '>=6'}
    hasBin: true
    dev: false

  /lmdb@2.5.2:
    resolution: {integrity: sha512-V5V5Xa2Hp9i2XsbDALkBTeHXnBXh/lEmk9p22zdr7jtuOIY9TGhjK6vAvTpOOx9IKU4hJkRWZxn/HsvR1ELLtA==}
    requiresBuild: true
    dependencies:
      msgpackr: 1.9.3
      node-addon-api: 4.3.0
      node-gyp-build-optional-packages: 5.0.3
      ordered-binary: 1.4.0
      weak-lru-cache: 1.2.2
    optionalDependencies:
      '@lmdb/lmdb-darwin-arm64': 2.5.2
      '@lmdb/lmdb-darwin-x64': 2.5.2
      '@lmdb/lmdb-linux-arm': 2.5.2
      '@lmdb/lmdb-linux-arm64': 2.5.2
      '@lmdb/lmdb-linux-x64': 2.5.2
      '@lmdb/lmdb-win32-x64': 2.5.2
    dev: false

  /lmdb@2.7.11:
    resolution: {integrity: sha512-x9bD4hVp7PFLUoELL8RglbNXhAMt5CYhkmss+CEau9KlNoilsTzNi9QDsPZb3KMpOGZXG6jmXhW3bBxE2XVztw==}
    hasBin: true
    requiresBuild: true
    dependencies:
      msgpackr: 1.8.5
      node-addon-api: 4.3.0
      node-gyp-build-optional-packages: 5.0.6
      ordered-binary: 1.4.0
      weak-lru-cache: 1.2.2
    optionalDependencies:
      '@lmdb/lmdb-darwin-arm64': 2.7.11
      '@lmdb/lmdb-darwin-x64': 2.7.11
      '@lmdb/lmdb-linux-arm': 2.7.11
      '@lmdb/lmdb-linux-arm64': 2.7.11
      '@lmdb/lmdb-linux-x64': 2.7.11
      '@lmdb/lmdb-win32-x64': 2.7.11
    dev: false

  /lru-cache@10.0.1:
    resolution: {integrity: sha512-IJ4uwUTi2qCccrioU6g9g/5rvvVl13bsdczUUcqbciD9iLr095yj8DQKdObriEvuNSx325N1rV1O0sJFszx75g==}
    engines: {node: 14 || >=16.14}
    dev: false

  /micromatch@4.0.5:
    resolution: {integrity: sha512-DMy+ERcEW2q8Z2Po+WNXuw3c5YaUSFjAO5GsJqfEl7UjvtIuFKO6ZrKvcItdy98dwFI2N1tg3zNIdKaQT+aNdA==}
    engines: {node: '>=8.6'}
    dependencies:
      braces: 3.0.2
      picomatch: 2.3.1
    dev: false

  /minimatch@9.0.3:
    resolution: {integrity: sha512-RHiac9mvaRw0x3AYRgDC1CxAP7HTcNrrECeA8YYJeWnpo+2Q5CegtZjaotWTWxDG3UeGA1coE05iH1mPjT/2mg==}
    engines: {node: '>=16 || 14 >=14.17'}
    dependencies:
      brace-expansion: 2.0.1
    dev: false

  /minipass@7.0.3:
    resolution: {integrity: sha512-LhbbwCfz3vsb12j/WkWQPZfKTsgqIe1Nf/ti1pKjYESGLHIVjWU96G9/ljLH4F9mWNVhlQOm0VySdAWzf05dpg==}
    engines: {node: '>=16 || 14 >=14.17'}
    dev: false

  /msgpackr-extract@3.0.2:
    resolution: {integrity: sha512-SdzXp4kD/Qf8agZ9+iTu6eql0m3kWm1A2y1hkpTeVNENutaB0BwHlSvAIaMxwntmRUAUjon2V4L8Z/njd0Ct8A==}
    hasBin: true
    requiresBuild: true
    dependencies:
      node-gyp-build-optional-packages: 5.0.7
    optionalDependencies:
      '@msgpackr-extract/msgpackr-extract-darwin-arm64': 3.0.2
      '@msgpackr-extract/msgpackr-extract-darwin-x64': 3.0.2
      '@msgpackr-extract/msgpackr-extract-linux-arm': 3.0.2
      '@msgpackr-extract/msgpackr-extract-linux-arm64': 3.0.2
      '@msgpackr-extract/msgpackr-extract-linux-x64': 3.0.2
      '@msgpackr-extract/msgpackr-extract-win32-x64': 3.0.2
    dev: false
    optional: true

  /msgpackr@1.8.5:
    resolution: {integrity: sha512-mpPs3qqTug6ahbblkThoUY2DQdNXcm4IapwOS3Vm/87vmpzLVelvp9h3It1y9l1VPpiFLV11vfOXnmeEwiIXwg==}
    optionalDependencies:
      msgpackr-extract: 3.0.2
    dev: false

  /msgpackr@1.9.3:
    resolution: {integrity: sha512-DIBUpLO8hZeXAt9Tud3PU9XwwV+Cfiquq9egBa52pSDcwKlBtzHnGR7y9jlUlWquCV6LxDY9qdfKCvory7XPTA==}
    optionalDependencies:
      msgpackr-extract: 3.0.2
    dev: false

  /node-addon-api@3.2.1:
    resolution: {integrity: sha512-mmcei9JghVNDYydghQmeDX8KoAm0FAiYyIcUt/N4nhyAipB17pllZQDOJD2fotxABnt4Mdz+dKTO7eftLg4d0A==}
    dev: false

  /node-addon-api@4.3.0:
    resolution: {integrity: sha512-73sE9+3UaLYYFmDsFZnqCInzPyh3MqIwZO9cw58yIqAZhONrrabrYyYe3TuIqtIiOuTXVhsGau8hcrhhwSsDIQ==}
    dev: false

  /node-gyp-build-optional-packages@5.0.3:
    resolution: {integrity: sha512-k75jcVzk5wnnc/FMxsf4udAoTEUv2jY3ycfdSd3yWu6Cnd1oee6/CfZJApyscA4FJOmdoixWwiwOyf16RzD5JA==}
    hasBin: true
    dev: false

  /node-gyp-build-optional-packages@5.0.6:
    resolution: {integrity: sha512-2ZJErHG4du9G3/8IWl/l9Bp5BBFy63rno5GVmjQijvTuUZKsl6g8RB4KH/x3NLcV5ZBb4GsXmAuTYr6dRml3Gw==}
    hasBin: true
    dev: false

  /node-gyp-build-optional-packages@5.0.7:
    resolution: {integrity: sha512-YlCCc6Wffkx0kHkmam79GKvDQ6x+QZkMjFGrIMxgFNILFvGSbCp2fCBC55pGTT9gVaz8Na5CLmxt/urtzRv36w==}
    hasBin: true
    requiresBuild: true
    dev: false
    optional: true

  /node-gyp-build@4.6.0:
    resolution: {integrity: sha512-NTZVKn9IylLwUzaKjkas1e4u2DLNcV4rdYagA4PWdPwW87Bi7z+BznyKSRwS/761tV/lzCGXplWsiaMjLqP2zQ==}
    hasBin: true
    dev: false

  /node-releases@2.0.12:
    resolution: {integrity: sha512-QzsYKWhXTWx8h1kIvqfnC++o0pEmpRQA/aenALsL2F4pqNVr7YzcdMlDij5WBnwftRbJCNJL/O7zdKaxKPHqgQ==}
    dev: false

  /nullthrows@1.1.1:
    resolution: {integrity: sha512-2vPPEi+Z7WqML2jZYddDIfy5Dqb0r2fze2zTxNNknZaFpVHU3mFB3R+DWeJWGVx0ecvttSGlJTI+WG+8Z4cDWw==}
    dev: false

  /ordered-binary@1.4.0:
    resolution: {integrity: sha512-EHQ/jk4/a9hLupIKxTfUsQRej1Yd/0QLQs3vGvIqg5ZtCYSzNhkzHoZc7Zf4e4kUlDaC3Uw8Q/1opOLNN2OKRQ==}
    dev: false

  /path-key@3.1.1:
    resolution: {integrity: sha512-ojmeN0qd+y0jszEtoY48r0Peq5dwMEkIlCOu6Q5f41lfkswXuKtYrhgoTpLnyIcHm24Uhqx+5Tqm2InSwLhE6Q==}
    engines: {node: '>=8'}
    dev: false

  /path-scurry@1.10.1:
    resolution: {integrity: sha512-MkhCqzzBEpPvxxQ71Md0b1Kk51W01lrYvlMzSUaIzNsODdd7mqhiimSZlr+VegAz5Z6Vzt9Xg2ttE//XBhH3EQ==}
    engines: {node: '>=16 || 14 >=14.17'}
    dependencies:
      lru-cache: 10.0.1
      minipass: 7.0.3
    dev: false

  /picocolors@1.0.0:
    resolution: {integrity: sha512-1fygroTLlHu66zi26VoTDv8yRgm0Fccecssto+MhsZ0D/DGW2sm8E8AjW7NU5VVTRt5GxbeZ5qBuJr+HyLYkjQ==}
    dev: false

  /picomatch@2.3.1:
    resolution: {integrity: sha512-JU3teHTNjmE2VCGFzuY8EXzCDVwEqB2a8fsIvwaStHhAWJEeVd1o1QD80CU6+ZdEXXSLbSsuLwJjkCBWqRQUVA==}
    engines: {node: '>=8.6'}
    dev: false

  /rimraf@5.0.0:
    resolution: {integrity: sha512-Jf9llaP+RvaEVS5nPShYFhtXIrb3LRKP281ib3So0KkeZKo2wIKyq0Re7TOSwanasA423PSr6CCIL4bP6T040g==}
    engines: {node: '>=14'}
    hasBin: true
    dependencies:
      glob: 10.3.3
    dev: false

  /safe-buffer@5.2.1:
    resolution: {integrity: sha512-rp3So07KcdmmKbGvgaNxQSJr7bGVSVk5S9Eq1F+ppbRo70+YeaDxkw5Dd8NPN+GD6bjnYm2VuPuCXmpuYvmCXQ==}
    dev: false

  /semver@5.7.1:
    resolution: {integrity: sha512-sauaDf/PZdVgrLTNYHRtpXa1iRiKcaebiKQ1BJdpQlWH2lCvexQdX55snPFyK7QzpudqbCI0qXFfOasHdyNDGQ==}
    hasBin: true
    dev: false

  /shebang-command@2.0.0:
    resolution: {integrity: sha512-kHxr2zZpYtdmrN1qDjrrX/Z1rR1kG8Dx+gkpK1G4eXmvXswmcE1hTWBWYUzlraYw1/yZp6YuDY77YtvbN0dmDA==}
    engines: {node: '>=8'}
    dependencies:
      shebang-regex: 3.0.0
    dev: false

  /shebang-regex@3.0.0:
    resolution: {integrity: sha512-7++dFhtcx3353uBaq8DDR4NuxBetBzC7ZQOhmTQInHEd6bSrXdiEyzCvG07Z44UYdLShWUyXt5M/yhz8ekcb1A==}
    engines: {node: '>=8'}
    dev: false

  /signal-exit@4.1.0:
    resolution: {integrity: sha512-bzyZ1e88w9O1iNJbKnOlvYTrWPDl46O1bG0D3XInv+9tkPrxrN8jUUTiFlDkkmKWgn1M6CfIA13SuGqOa9Korw==}
    engines: {node: '>=14'}
    dev: false

  /string-width@4.2.3:
    resolution: {integrity: sha512-wKyQRQpjJ0sIp62ErSZdGsjMJWsap5oRNihHhu6G7JVO/9jIB6UyevL+tXuOqrng8j/cxKTWyWUwvSTriiZz/g==}
    engines: {node: '>=8'}
    dependencies:
      emoji-regex: 8.0.0
      is-fullwidth-code-point: 3.0.0
      strip-ansi: 6.0.1
    dev: false

  /string-width@5.1.2:
    resolution: {integrity: sha512-HnLOCR3vjcY8beoNLtcjZ5/nxn2afmME6lhrDrebokqMap+XbeW8n9TXpPDOqdGK5qcI3oT0GKTW6wC7EMiVqA==}
    engines: {node: '>=12'}
    dependencies:
      eastasianwidth: 0.2.0
      emoji-regex: 9.2.2
      strip-ansi: 7.1.0
    dev: false

  /strip-ansi@6.0.1:
    resolution: {integrity: sha512-Y38VPSHcqkFrCpFnQ9vuSXmquuv5oXOKpGeT6aGrr3o3Gc9AlVa6JBfUSOCnbxGGZF+/0ooI7KrPuUSztUdU5A==}
    engines: {node: '>=8'}
    dependencies:
      ansi-regex: 5.0.1
    dev: false

  /strip-ansi@7.1.0:
    resolution: {integrity: sha512-iq6eVVI64nQQTRYq2KtEg2d2uU7LElhTJwsH4YzIHZshxlgZms/wIc4VoDQTlG/IvVIrBKG06CrZnp0qv7hkcQ==}
    engines: {node: '>=12'}
    dependencies:
      ansi-regex: 6.0.1
    dev: false

  /supports-color@7.2.0:
    resolution: {integrity: sha512-qpCAvRl9stuOHveKsn7HncJRvv501qIacKzQlO/+Lwxc9+0q2wLyv4Dfvt80/DPn2pqOBsJdDiogXGR9+OvwRw==}
    engines: {node: '>=8'}
    dependencies:
      has-flag: 4.0.0
    dev: false

  /to-regex-range@5.0.1:
    resolution: {integrity: sha512-65P7iz6X5yEr1cwcgvQxbbIw7Uk3gOy5dIdtZ4rDveLqhrdJP+Li/Hx6tyK0NEb+2GCyneCMJiGqrADCSNk8sQ==}
    engines: {node: '>=8.0'}
    dependencies:
      is-number: 7.0.0
    dev: false

  /typescript@5.0.2:
    resolution: {integrity: sha512-wVORMBGO/FAs/++blGNeAVdbNKtIh1rbBL2EyQ1+J9lClJ93KiiKe8PmFIVdXhHcyv44SL9oglmfeSsndo0jRw==}
    engines: {node: '>=12.20'}
    hasBin: true
    dev: false

  /update-browserslist-db@1.0.11(browserslist@4.21.7):
    resolution: {integrity: sha512-dCwEFf0/oT85M1fHBg4F0jtLwJrutGoHSQXCh7u4o2t1drG+c0a9Flnqww6XUKSfQMPpJBRjU8d4RXB09qtvaA==}
    hasBin: true
    peerDependencies:
      browserslist: '>= 4.21.0'
    dependencies:
      browserslist: 4.21.7
      escalade: 3.1.1
      picocolors: 1.0.0
    dev: false

  /utility-types@3.10.0:
    resolution: {integrity: sha512-O11mqxmi7wMKCo6HKFt5AhO4BwY3VV68YU07tgxfz8zJTIxr4BpsezN49Ffwy9j3ZpwwJp4fkRwjRzq3uWE6Rg==}
    engines: {node: '>= 4'}
    dev: false

  /weak-lru-cache@1.2.2:
    resolution: {integrity: sha512-DEAoo25RfSYMuTGc9vPJzZcZullwIqRDSI9LOy+fkCJPi6hykCnfKaXTuPBDuXAUcqHXyOgFtHNp/kB2FjYHbw==}
    dev: false

  /which@2.0.2:
    resolution: {integrity: sha512-BLI3Tl1TW3Pvl70l3yq3Y64i+awpwXqsGBYWkkqMtnbXgrMD+yj7rhW0kuEDxzJaYXGjEW5ogapKNMEKNMjibA==}
    engines: {node: '>= 8'}
    hasBin: true
    dependencies:
      isexe: 2.0.0
    dev: false

  /wrap-ansi@7.0.0:
    resolution: {integrity: sha512-YVGIj2kamLSTxw6NsZjoBxfSwsn0ycdesmc4p+Q21c5zPuZ1pl+NfxVdxPtdHvmNVOQ6XSYG4AUtyt/Fi7D16Q==}
    engines: {node: '>=10'}
    dependencies:
      ansi-styles: 4.3.0
      string-width: 4.2.3
      strip-ansi: 6.0.1
    dev: false

  /wrap-ansi@8.1.0:
    resolution: {integrity: sha512-si7QWI6zUMq56bESFvagtmzMdGOtoxfR+Sez11Mobfc7tm+VkUckk9bW2UeffTGVUbOksxmSw0AA2gs8g71NCQ==}
    engines: {node: '>=12'}
    dependencies:
      ansi-styles: 6.2.1
      string-width: 5.1.2
      strip-ansi: 7.1.0
    dev: false

  /xxhash-wasm@0.4.2:
    resolution: {integrity: sha512-/eyHVRJQCirEkSZ1agRSCwriMhwlyUcFkXD5TPVSLP+IPzjsqMVzZwdoczLp1SoQU0R3dxz1RpIK+4YNQbCVOA==}
    dev: false
